// !$*UTF8*$!
{
	archiveVersion = 1;
	classes = {
	};
	objectVersion = 46;
	objects = {

/* Begin PBXBuildFile section */
		766F30101E24A89200C87DF5 /* main.m in Sources */ = {isa = PBXBuildFile; fileRef = 766F300F1E24A89200C87DF5 /* main.m */; };
		766F30131E24A89200C87DF5 /* AppDelegate.m in Sources */ = {isa = PBXBuildFile; fileRef = 766F30121E24A89200C87DF5 /* AppDelegate.m */; };
		766F30191E24A89200C87DF5 /* Main.storyboard in Resources */ = {isa = PBXBuildFile; fileRef = 766F30171E24A89200C87DF5 /* Main.storyboard */; };
		766F301B1E24A89200C87DF5 /* Assets.xcassets in Resources */ = {isa = PBXBuildFile; fileRef = 766F301A1E24A89200C87DF5 /* Assets.xcassets */; };
		766F301E1E24A89200C87DF5 /* LaunchScreen.storyboard in Resources */ = {isa = PBXBuildFile; fileRef = 766F301C1E24A89200C87DF5 /* LaunchScreen.storyboard */; };
		766F30291E24A89200C87DF5 /* MenuDemoTests.m in Sources */ = {isa = PBXBuildFile; fileRef = 766F30281E24A89200C87DF5 /* MenuDemoTests.m */; };
		766F30341E24A89200C87DF5 /* MenuDemoUITests.m in Sources */ = {isa = PBXBuildFile; fileRef = 766F30331E24A89200C87DF5 /* MenuDemoUITests.m */; };
		766F30431E24AA8B00C87DF5 /* RootViewController.m in Sources */ = {isa = PBXBuildFile; fileRef = 766F30421E24AA8B00C87DF5 /* RootViewController.m */; };
		766F30481E24AEE600C87DF5 /* MenuView.m in Sources */ = {isa = PBXBuildFile; fileRef = 766F30471E24AEE600C87DF5 /* MenuView.m */; };
		766F304B1E24AEFF00C87DF5 /* LeftMenuView.m in Sources */ = {isa = PBXBuildFile; fileRef = 766F304A1E24AEFF00C87DF5 /* LeftMenuView.m */; };
		766F304E1E24AF1000C87DF5 /* RightMenuView.m in Sources */ = {isa = PBXBuildFile; fileRef = 766F304D1E24AF1000C87DF5 /* RightMenuView.m */; };
/* End PBXBuildFile section */

/* Begin PBXContainerItemProxy section */
		766F30251E24A89200C87DF5 /* PBXContainerItemProxy */ = {
			isa = PBXContainerItemProxy;
			containerPortal = 766F30031E24A89200C87DF5 /* Project object */;
			proxyType = 1;
			remoteGlobalIDString = 766F300A1E24A89200C87DF5;
			remoteInfo = MenuDemo;
		};
		766F30301E24A89200C87DF5 /* PBXContainerItemProxy */ = {
			isa = PBXContainerItemProxy;
			containerPortal = 766F30031E24A89200C87DF5 /* Project object */;
			proxyType = 1;
			remoteGlobalIDString = 766F300A1E24A89200C87DF5;
			remoteInfo = MenuDemo;
		};
/* End PBXContainerItemProxy section */

/* Begin PBXFileReference section */
		766F300B1E24A89200C87DF5 /* MenuDemo.app */ = {isa = PBXFileReference; explicitFileType = wrapper.application; includeInIndex = 0; path = MenuDemo.app; sourceTree = BUILT_PRODUCTS_DIR; };
		766F300F1E24A89200C87DF5 /* main.m */ = {isa = PBXFileReference; lastKnownFileType = sourcecode.c.objc; path = main.m; sourceTree = "<group>"; };
		766F30111E24A89200C87DF5 /* AppDelegate.h */ = {isa = PBXFileReference; lastKnownFileType = sourcecode.c.h; path = AppDelegate.h; sourceTree = "<group>"; };
		766F30121E24A89200C87DF5 /* AppDelegate.m */ = {isa = PBXFileReference; lastKnownFileType = sourcecode.c.objc; path = AppDelegate.m; sourceTree = "<group>"; };
		766F30181E24A89200C87DF5 /* Base */ = {isa = PBXFileReference; lastKnownFileType = file.storyboard; name = Base; path = Base.lproj/Main.storyboard; sourceTree = "<group>"; };
		766F301A1E24A89200C87DF5 /* Assets.xcassets */ = {isa = PBXFileReference; lastKnownFileType = folder.assetcatalog; path = Assets.xcassets; sourceTree = "<group>"; };
		766F301D1E24A89200C87DF5 /* Base */ = {isa = PBXFileReference; lastKnownFileType = file.storyboard; name = Base; path = Base.lproj/LaunchScreen.storyboard; sourceTree = "<group>"; };
		766F301F1E24A89200C87DF5 /* Info.plist */ = {isa = PBXFileReference; lastKnownFileType = text.plist.xml; path = Info.plist; sourceTree = "<group>"; };
		766F30241E24A89200C87DF5 /* MenuDemoTests.xctest */ = {isa = PBXFileReference; explicitFileType = wrapper.cfbundle; includeInIndex = 0; path = MenuDemoTests.xctest; sourceTree = BUILT_PRODUCTS_DIR; };
		766F30281E24A89200C87DF5 /* MenuDemoTests.m */ = {isa = PBXFileReference; lastKnownFileType = sourcecode.c.objc; path = MenuDemoTests.m; sourceTree = "<group>"; };
		766F302A1E24A89200C87DF5 /* Info.plist */ = {isa = PBXFileReference; lastKnownFileType = text.plist.xml; path = Info.plist; sourceTree = "<group>"; };
		766F302F1E24A89200C87DF5 /* MenuDemoUITests.xctest */ = {isa = PBXFileReference; explicitFileType = wrapper.cfbundle; includeInIndex = 0; path = MenuDemoUITests.xctest; sourceTree = BUILT_PRODUCTS_DIR; };
		766F30331E24A89200C87DF5 /* MenuDemoUITests.m */ = {isa = PBXFileReference; lastKnownFileType = sourcecode.c.objc; path = MenuDemoUITests.m; sourceTree = "<group>"; };
		766F30351E24A89200C87DF5 /* Info.plist */ = {isa = PBXFileReference; lastKnownFileType = text.plist.xml; path = Info.plist; sourceTree = "<group>"; };
		766F30411E24AA8B00C87DF5 /* RootViewController.h */ = {isa = PBXFileReference; fileEncoding = 4; lastKnownFileType = sourcecode.c.h; path = RootViewController.h; sourceTree = "<group>"; };
		766F30421E24AA8B00C87DF5 /* RootViewController.m */ = {isa = PBXFileReference; fileEncoding = 4; lastKnownFileType = sourcecode.c.objc; path = RootViewController.m; sourceTree = "<group>"; };
		766F30441E24ABA300C87DF5 /* PrefixHeader.pch */ = {isa = PBXFileReference; lastKnownFileType = sourcecode.c.h; path = PrefixHeader.pch; sourceTree = "<group>"; };
		766F30451E24ABBA00C87DF5 /* Global.h */ = {isa = PBXFileReference; lastKnownFileType = sourcecode.c.h; path = Global.h; sourceTree = "<group>"; };
		766F30461E24AEE600C87DF5 /* MenuView.h */ = {isa = PBXFileReference; fileEncoding = 4; lastKnownFileType = sourcecode.c.h; path = MenuView.h; sourceTree = "<group>"; };
		766F30471E24AEE600C87DF5 /* MenuView.m */ = {isa = PBXFileReference; fileEncoding = 4; lastKnownFileType = sourcecode.c.objc; path = MenuView.m; sourceTree = "<group>"; };
		766F30491E24AEFF00C87DF5 /* LeftMenuView.h */ = {isa = PBXFileReference; fileEncoding = 4; lastKnownFileType = sourcecode.c.h; path = LeftMenuView.h; sourceTree = "<group>"; };
		766F304A1E24AEFF00C87DF5 /* LeftMenuView.m */ = {isa = PBXFileReference; fileEncoding = 4; lastKnownFileType = sourcecode.c.objc; path = LeftMenuView.m; sourceTree = "<group>"; };
		766F304C1E24AF1000C87DF5 /* RightMenuView.h */ = {isa = PBXFileReference; fileEncoding = 4; lastKnownFileType = sourcecode.c.h; path = RightMenuView.h; sourceTree = "<group>"; };
		766F304D1E24AF1000C87DF5 /* RightMenuView.m */ = {isa = PBXFileReference; fileEncoding = 4; lastKnownFileType = sourcecode.c.objc; path = RightMenuView.m; sourceTree = "<group>"; };
/* End PBXFileReference section */

/* Begin PBXFrameworksBuildPhase section */
		766F30081E24A89200C87DF5 /* Frameworks */ = {
			isa = PBXFrameworksBuildPhase;
			buildActionMask = 2147483647;
			files = (
			);
			runOnlyForDeploymentPostprocessing = 0;
		};
		766F30211E24A89200C87DF5 /* Frameworks */ = {
			isa = PBXFrameworksBuildPhase;
			buildActionMask = 2147483647;
			files = (
			);
			runOnlyForDeploymentPostprocessing = 0;
		};
		766F302C1E24A89200C87DF5 /* Frameworks */ = {
			isa = PBXFrameworksBuildPhase;
			buildActionMask = 2147483647;
			files = (
			);
			runOnlyForDeploymentPostprocessing = 0;
		};
/* End PBXFrameworksBuildPhase section */

/* Begin PBXGroup section */
		766F30021E24A89200C87DF5 = {
			isa = PBXGroup;
			children = (
				766F300D1E24A89200C87DF5 /* MenuDemo */,
				766F30271E24A89200C87DF5 /* MenuDemoTests */,
				766F30321E24A89200C87DF5 /* MenuDemoUITests */,
				766F300C1E24A89200C87DF5 /* Products */,
			);
			sourceTree = "<group>";
		};
		766F300C1E24A89200C87DF5 /* Products */ = {
			isa = PBXGroup;
			children = (
				766F300B1E24A89200C87DF5 /* MenuDemo.app */,
				766F30241E24A89200C87DF5 /* MenuDemoTests.xctest */,
				766F302F1E24A89200C87DF5 /* MenuDemoUITests.xctest */,
			);
			name = Products;
			sourceTree = "<group>";
		};
		766F300D1E24A89200C87DF5 /* MenuDemo */ = {
			isa = PBXGroup;
			children = (
				766F30111E24A89200C87DF5 /* AppDelegate.h */,
				766F30121E24A89200C87DF5 /* AppDelegate.m */,
				766F30411E24AA8B00C87DF5 /* RootViewController.h */,
				766F30421E24AA8B00C87DF5 /* RootViewController.m */,
				766F30461E24AEE600C87DF5 /* MenuView.h */,
				766F30471E24AEE600C87DF5 /* MenuView.m */,
				766F30491E24AEFF00C87DF5 /* LeftMenuView.h */,
				766F304A1E24AEFF00C87DF5 /* LeftMenuView.m */,
				766F304C1E24AF1000C87DF5 /* RightMenuView.h */,
				766F304D1E24AF1000C87DF5 /* RightMenuView.m */,
				766F30171E24A89200C87DF5 /* Main.storyboard */,
				766F301A1E24A89200C87DF5 /* Assets.xcassets */,
				766F301C1E24A89200C87DF5 /* LaunchScreen.storyboard */,
				766F301F1E24A89200C87DF5 /* Info.plist */,
				766F30441E24ABA300C87DF5 /* PrefixHeader.pch */,
				766F30451E24ABBA00C87DF5 /* Global.h */,
				766F300E1E24A89200C87DF5 /* Supporting Files */,
			);
			path = MenuDemo;
			sourceTree = "<group>";
		};
		766F300E1E24A89200C87DF5 /* Supporting Files */ = {
			isa = PBXGroup;
			children = (
				766F300F1E24A89200C87DF5 /* main.m */,
			);
			name = "Supporting Files";
			sourceTree = "<group>";
		};
		766F30271E24A89200C87DF5 /* MenuDemoTests */ = {
			isa = PBXGroup;
			children = (
				766F30281E24A89200C87DF5 /* MenuDemoTests.m */,
				766F302A1E24A89200C87DF5 /* Info.plist */,
			);
			path = MenuDemoTests;
			sourceTree = "<group>";
		};
		766F30321E24A89200C87DF5 /* MenuDemoUITests */ = {
			isa = PBXGroup;
			children = (
				766F30331E24A89200C87DF5 /* MenuDemoUITests.m */,
				766F30351E24A89200C87DF5 /* Info.plist */,
			);
			path = MenuDemoUITests;
			sourceTree = "<group>";
		};
/* End PBXGroup section */

/* Begin PBXNativeTarget section */
		766F300A1E24A89200C87DF5 /* MenuDemo */ = {
			isa = PBXNativeTarget;
			buildConfigurationList = 766F30381E24A89200C87DF5 /* Build configuration list for PBXNativeTarget "MenuDemo" */;
			buildPhases = (
				766F30071E24A89200C87DF5 /* Sources */,
				766F30081E24A89200C87DF5 /* Frameworks */,
				766F30091E24A89200C87DF5 /* Resources */,
			);
			buildRules = (
			);
			dependencies = (
			);
			name = MenuDemo;
			productName = MenuDemo;
			productReference = 766F300B1E24A89200C87DF5 /* MenuDemo.app */;
			productType = "com.apple.product-type.application";
		};
		766F30231E24A89200C87DF5 /* MenuDemoTests */ = {
			isa = PBXNativeTarget;
			buildConfigurationList = 766F303B1E24A89200C87DF5 /* Build configuration list for PBXNativeTarget "MenuDemoTests" */;
			buildPhases = (
				766F30201E24A89200C87DF5 /* Sources */,
				766F30211E24A89200C87DF5 /* Frameworks */,
				766F30221E24A89200C87DF5 /* Resources */,
			);
			buildRules = (
			);
			dependencies = (
				766F30261E24A89200C87DF5 /* PBXTargetDependency */,
			);
			name = MenuDemoTests;
			productName = MenuDemoTests;
			productReference = 766F30241E24A89200C87DF5 /* MenuDemoTests.xctest */;
			productType = "com.apple.product-type.bundle.unit-test";
		};
		766F302E1E24A89200C87DF5 /* MenuDemoUITests */ = {
			isa = PBXNativeTarget;
			buildConfigurationList = 766F303E1E24A89200C87DF5 /* Build configuration list for PBXNativeTarget "MenuDemoUITests" */;
			buildPhases = (
				766F302B1E24A89200C87DF5 /* Sources */,
				766F302C1E24A89200C87DF5 /* Frameworks */,
				766F302D1E24A89200C87DF5 /* Resources */,
			);
			buildRules = (
			);
			dependencies = (
				766F30311E24A89200C87DF5 /* PBXTargetDependency */,
			);
			name = MenuDemoUITests;
			productName = MenuDemoUITests;
			productReference = 766F302F1E24A89200C87DF5 /* MenuDemoUITests.xctest */;
			productType = "com.apple.product-type.bundle.ui-testing";
		};
/* End PBXNativeTarget section */

/* Begin PBXProject section */
		766F30031E24A89200C87DF5 /* Project object */ = {
			isa = PBXProject;
			attributes = {
				LastUpgradeCheck = 0820;
				ORGANIZATIONNAME = wd;
				TargetAttributes = {
					766F300A1E24A89200C87DF5 = {
						CreatedOnToolsVersion = 8.2.1;
						ProvisioningStyle = Automatic;
					};
					766F30231E24A89200C87DF5 = {
						CreatedOnToolsVersion = 8.2.1;
						ProvisioningStyle = Automatic;
						TestTargetID = 766F300A1E24A89200C87DF5;
					};
					766F302E1E24A89200C87DF5 = {
						CreatedOnToolsVersion = 8.2.1;
						ProvisioningStyle = Automatic;
						TestTargetID = 766F300A1E24A89200C87DF5;
					};
				};
			};
			buildConfigurationList = 766F30061E24A89200C87DF5 /* Build configuration list for PBXProject "MenuDemo" */;
			compatibilityVersion = "Xcode 3.2";
			developmentRegion = English;
			hasScannedForEncodings = 0;
			knownRegions = (
				en,
				Base,
			);
			mainGroup = 766F30021E24A89200C87DF5;
			productRefGroup = 766F300C1E24A89200C87DF5 /* Products */;
			projectDirPath = "";
			projectRoot = "";
			targets = (
				766F300A1E24A89200C87DF5 /* MenuDemo */,
				766F30231E24A89200C87DF5 /* MenuDemoTests */,
				766F302E1E24A89200C87DF5 /* MenuDemoUITests */,
			);
		};
/* End PBXProject section */

/* Begin PBXResourcesBuildPhase section */
		766F30091E24A89200C87DF5 /* Resources */ = {
			isa = PBXResourcesBuildPhase;
			buildActionMask = 2147483647;
			files = (
				766F301E1E24A89200C87DF5 /* LaunchScreen.storyboard in Resources */,
				766F301B1E24A89200C87DF5 /* Assets.xcassets in Resources */,
				766F30191E24A89200C87DF5 /* Main.storyboard in Resources */,
			);
			runOnlyForDeploymentPostprocessing = 0;
		};
		766F30221E24A89200C87DF5 /* Resources */ = {
			isa = PBXResourcesBuildPhase;
			buildActionMask = 2147483647;
			files = (
			);
			runOnlyForDeploymentPostprocessing = 0;
		};
		766F302D1E24A89200C87DF5 /* Resources */ = {
			isa = PBXResourcesBuildPhase;
			buildActionMask = 2147483647;
			files = (
			);
			runOnlyForDeploymentPostprocessing = 0;
		};
/* End PBXResourcesBuildPhase section */

/* Begin PBXSourcesBuildPhase section */
		766F30071E24A89200C87DF5 /* Sources */ = {
			isa = PBXSourcesBuildPhase;
			buildActionMask = 2147483647;
			files = (
				766F30131E24A89200C87DF5 /* AppDelegate.m in Sources */,
				766F30481E24AEE600C87DF5 /* MenuView.m in Sources */,
				766F30431E24AA8B00C87DF5 /* RootViewController.m in Sources */,
				766F30101E24A89200C87DF5 /* main.m in Sources */,
				766F304E1E24AF1000C87DF5 /* RightMenuView.m in Sources */,
				766F304B1E24AEFF00C87DF5 /* LeftMenuView.m in Sources */,
			);
			runOnlyForDeploymentPostprocessing = 0;
		};
		766F30201E24A89200C87DF5 /* Sources */ = {
			isa = PBXSourcesBuildPhase;
			buildActionMask = 2147483647;
			files = (
				766F30291E24A89200C87DF5 /* MenuDemoTests.m in Sources */,
			);
			runOnlyForDeploymentPostprocessing = 0;
		};
		766F302B1E24A89200C87DF5 /* Sources */ = {
			isa = PBXSourcesBuildPhase;
			buildActionMask = 2147483647;
			files = (
				766F30341E24A89200C87DF5 /* MenuDemoUITests.m in Sources */,
			);
			runOnlyForDeploymentPostprocessing = 0;
		};
/* End PBXSourcesBuildPhase section */

/* Begin PBXTargetDependency section */
		766F30261E24A89200C87DF5 /* PBXTargetDependency */ = {
			isa = PBXTargetDependency;
			target = 766F300A1E24A89200C87DF5 /* MenuDemo */;
			targetProxy = 766F30251E24A89200C87DF5 /* PBXContainerItemProxy */;
		};
		766F30311E24A89200C87DF5 /* PBXTargetDependency */ = {
			isa = PBXTargetDependency;
			target = 766F300A1E24A89200C87DF5 /* MenuDemo */;
			targetProxy = 766F30301E24A89200C87DF5 /* PBXContainerItemProxy */;
		};
/* End PBXTargetDependency section */

/* Begin PBXVariantGroup section */
		766F30171E24A89200C87DF5 /* Main.storyboard */ = {
			isa = PBXVariantGroup;
			children = (
				766F30181E24A89200C87DF5 /* Base */,
			);
			name = Main.storyboard;
			sourceTree = "<group>";
		};
		766F301C1E24A89200C87DF5 /* LaunchScreen.storyboard */ = {
			isa = PBXVariantGroup;
			children = (
				766F301D1E24A89200C87DF5 /* Base */,
			);
			name = LaunchScreen.storyboard;
			sourceTree = "<group>";
		};
/* End PBXVariantGroup section */

/* Begin XCBuildConfiguration section */
		766F30361E24A89200C87DF5 /* Debug */ = {
			isa = XCBuildConfiguration;
			buildSettings = {
				ALWAYS_SEARCH_USER_PATHS = NO;
				CLANG_ANALYZER_NONNULL = YES;
				CLANG_CXX_LANGUAGE_STANDARD = "gnu++0x";
				CLANG_CXX_LIBRARY = "libc++";
				CLANG_ENABLE_MODULES = YES;
				CLANG_ENABLE_OBJC_ARC = YES;
				CLANG_WARN_BOOL_CONVERSION = YES;
				CLANG_WARN_CONSTANT_CONVERSION = YES;
				CLANG_WARN_DIRECT_OBJC_ISA_USAGE = YES_ERROR;
				CLANG_WARN_DOCUMENTATION_COMMENTS = YES;
				CLANG_WARN_EMPTY_BODY = YES;
				CLANG_WARN_ENUM_CONVERSION = YES;
				CLANG_WARN_INFINITE_RECURSION = YES;
				CLANG_WARN_INT_CONVERSION = YES;
				CLANG_WARN_OBJC_ROOT_CLASS = YES_ERROR;
				CLANG_WARN_SUSPICIOUS_MOVE = YES;
				CLANG_WARN_UNREACHABLE_CODE = YES;
				CLANG_WARN__DUPLICATE_METHOD_MATCH = YES;
				"CODE_SIGN_IDENTITY[sdk=iphoneos*]" = "iPhone Developer";
				COPY_PHASE_STRIP = NO;
				DEBUG_INFORMATION_FORMAT = dwarf;
				ENABLE_STRICT_OBJC_MSGSEND = YES;
				ENABLE_TESTABILITY = YES;
				GCC_C_LANGUAGE_STANDARD = gnu99;
				GCC_DYNAMIC_NO_PIC = NO;
				GCC_NO_COMMON_BLOCKS = YES;
				GCC_OPTIMIZATION_LEVEL = 0;
				GCC_PREPROCESSOR_DEFINITIONS = (
					"DEBUG=1",
					"$(inherited)",
				);
				GCC_WARN_64_TO_32_BIT_CONVERSION = YES;
				GCC_WARN_ABOUT_RETURN_TYPE = YES_ERROR;
				GCC_WARN_UNDECLARED_SELECTOR = YES;
				GCC_WARN_UNINITIALIZED_AUTOS = YES_AGGRESSIVE;
				GCC_WARN_UNUSED_FUNCTION = YES;
				GCC_WARN_UNUSED_VARIABLE = YES;
				IPHONEOS_DEPLOYMENT_TARGET = 10.2;
				MTL_ENABLE_DEBUG_INFO = YES;
				ONLY_ACTIVE_ARCH = YES;
				SDKROOT = iphoneos;
			};
			name = Debug;
		};
		766F30371E24A89200C87DF5 /* Release */ = {
			isa = XCBuildConfiguration;
			buildSettings = {
				ALWAYS_SEARCH_USER_PATHS = NO;
				CLANG_ANALYZER_NONNULL = YES;
				CLANG_CXX_LANGUAGE_STANDARD = "gnu++0x";
				CLANG_CXX_LIBRARY = "libc++";
				CLANG_ENABLE_MODULES = YES;
				CLANG_ENABLE_OBJC_ARC = YES;
				CLANG_WARN_BOOL_CONVERSION = YES;
				CLANG_WARN_CONSTANT_CONVERSION = YES;
				CLANG_WARN_DIRECT_OBJC_ISA_USAGE = YES_ERROR;
				CLANG_WARN_DOCUMENTATION_COMMENTS = YES;
				CLANG_WARN_EMPTY_BODY = YES;
				CLANG_WARN_ENUM_CONVERSION = YES;
				CLANG_WARN_INFINITE_RECURSION = YES;
				CLANG_WARN_INT_CONVERSION = YES;
				CLANG_WARN_OBJC_ROOT_CLASS = YES_ERROR;
				CLANG_WARN_SUSPICIOUS_MOVE = YES;
				CLANG_WARN_UNREACHABLE_CODE = YES;
				CLANG_WARN__DUPLICATE_METHOD_MATCH = YES;
				"CODE_SIGN_IDENTITY[sdk=iphoneos*]" = "iPhone Developer";
				COPY_PHASE_STRIP = NO;
				DEBUG_INFORMATION_FORMAT = "dwarf-with-dsym";
				ENABLE_NS_ASSERTIONS = NO;
				ENABLE_STRICT_OBJC_MSGSEND = YES;
				GCC_C_LANGUAGE_STANDARD = gnu99;
				GCC_NO_COMMON_BLOCKS = YES;
				GCC_WARN_64_TO_32_BIT_CONVERSION = YES;
				GCC_WARN_ABOUT_RETURN_TYPE = YES_ERROR;
				GCC_WARN_UNDECLARED_SELECTOR = YES;
				GCC_WARN_UNINITIALIZED_AUTOS = YES_AGGRESSIVE;
				GCC_WARN_UNUSED_FUNCTION = YES;
				GCC_WARN_UNUSED_VARIABLE = YES;
				IPHONEOS_DEPLOYMENT_TARGET = 10.2;
				MTL_ENABLE_DEBUG_INFO = NO;
				SDKROOT = iphoneos;
				VALIDATE_PRODUCT = YES;
			};
			name = Release;
		};
		766F30391E24A89200C87DF5 /* Debug */ = {
			isa = XCBuildConfiguration;
			buildSettings = {
				ASSETCATALOG_COMPILER_APPICON_NAME = AppIcon;
				GCC_PREFIX_HEADER = "$(SRCROOT)/MenuDemo/PrefixHeader.pch";
				INFOPLIST_FILE = MenuDemo/Info.plist;
				LD_RUNPATH_SEARCH_PATHS = "$(inherited) @executable_path/Frameworks";
				PRODUCT_BUNDLE_IDENTIFIER = com.kqkq.MenuDemo;
				PRODUCT_NAME = "$(TARGET_NAME)";
			};
			name = Debug;
		};
		766F303A1E24A89200C87DF5 /* Release */ = {
			isa = XCBuildConfiguration;
			buildSettings = {
				ASSETCATALOG_COMPILER_APPICON_NAME = AppIcon;
				GCC_PREFIX_HEADER = "$(SRCROOT)/MenuDemo/PrefixHeader.pch";
				INFOPLIST_FILE = MenuDemo/Info.plist;
				LD_RUNPATH_SEARCH_PATHS = "$(inherited) @executable_path/Frameworks";
				PRODUCT_BUNDLE_IDENTIFIER = com.kqkq.MenuDemo;
				PRODUCT_NAME = "$(TARGET_NAME)";
			};
			name = Release;
		};
		766F303C1E24A89200C87DF5 /* Debug */ = {
			isa = XCBuildConfiguration;
			buildSettings = {
				BUNDLE_LOADER = "$(TEST_HOST)";
				INFOPLIST_FILE = MenuDemoTests/Info.plist;
				LD_RUNPATH_SEARCH_PATHS = "$(inherited) @executable_path/Frameworks @loader_path/Frameworks";
				PRODUCT_BUNDLE_IDENTIFIER = com.kqkq.MenuDemoTests;
				PRODUCT_NAME = "$(TARGET_NAME)";
				TEST_HOST = "$(BUILT_PRODUCTS_DIR)/MenuDemo.app/MenuDemo";
			};
			name = Debug;
		};
		766F303D1E24A89200C87DF5 /* Release */ = {
			isa = XCBuildConfiguration;
			buildSettings = {
				BUNDLE_LOADER = "$(TEST_HOST)";
				INFOPLIST_FILE = MenuDemoTests/Info.plist;
				LD_RUNPATH_SEARCH_PATHS = "$(inherited) @executable_path/Frameworks @loader_path/Frameworks";
				PRODUCT_BUNDLE_IDENTIFIER = com.kqkq.MenuDemoTests;
				PRODUCT_NAME = "$(TARGET_NAME)";
				TEST_HOST = "$(BUILT_PRODUCTS_DIR)/MenuDemo.app/MenuDemo";
			};
			name = Release;
		};
		766F303F1E24A89200C87DF5 /* Debug */ = {
			isa = XCBuildConfiguration;
			buildSettings = {
				INFOPLIST_FILE = MenuDemoUITests/Info.plist;
				LD_RUNPATH_SEARCH_PATHS = "$(inherited) @executable_path/Frameworks @loader_path/Frameworks";
				PRODUCT_BUNDLE_IDENTIFIER = com.kqkq.MenuDemoUITests;
				PRODUCT_NAME = "$(TARGET_NAME)";
				TEST_TARGET_NAME = MenuDemo;
			};
			name = Debug;
		};
		766F30401E24A89200C87DF5 /* Release */ = {
			isa = XCBuildConfiguration;
			buildSettings = {
				INFOPLIST_FILE = MenuDemoUITests/Info.plist;
				LD_RUNPATH_SEARCH_PATHS = "$(inherited) @executable_path/Frameworks @loader_path/Frameworks";
				PRODUCT_BUNDLE_IDENTIFIER = com.kqkq.MenuDemoUITests;
				PRODUCT_NAME = "$(TARGET_NAME)";
				TEST_TARGET_NAME = MenuDemo;
			};
			name = Release;
		};
/* End XCBuildConfiguration section */

/* Begin XCConfigurationList section */
		766F30061E24A89200C87DF5 /* Build configuration list for PBXProject "MenuDemo" */ = {
			isa = XCConfigurationList;
			buildConfigurations = (
				766F30361E24A89200C87DF5 /* Debug */,
				766F30371E24A89200C87DF5 /* Release */,
			);
			defaultConfigurationIsVisible = 0;
			defaultConfigurationName = Release;
		};
		766F30381E24A89200C87DF5 /* Build configuration list for PBXNativeTarget "MenuDemo" */ = {
			isa = XCConfigurationList;
			buildConfigurations = (
				766F30391E24A89200C87DF5 /* Debug */,
				766F303A1E24A89200C87DF5 /* Release */,
			);
			defaultConfigurationIsVisible = 0;
		};
		766F303B1E24A89200C87DF5 /* Build configuration list for PBXNativeTarget "MenuDemoTests" */ = {
			isa = XCConfigurationList;
			buildConfigurations = (
				766F303C1E24A89200C87DF5 /* Debug */,
				766F303D1E24A89200C87DF5 /* Release */,
			);
			defaultConfigurationIsVisible = 0;
		};
		766F303E1E24A89200C87DF5 /* Build configuration list for PBXNativeTarget "MenuDemoUITests" */ = {
			isa = XCConfigurationList;
			buildConfigurations = (
				766F303F1E24A89200C87DF5 /* Debug */,
				766F30401E24A89200C87DF5 /* Release */,
			);
			defaultConfigurationIsVisible = 0;
		};
/* End XCConfigurationList section */
	};
	rootObject = 766F30031E24A89200C87DF5 /* Project object */;
}
